
Microsoft Visual Studio Solution File, Format Version 12.00
# Visual Studio Version 17
VisualStudioVersion = 17.0.32112.339
MinimumVisualStudioVersion = 10.0.40219.1
Project("{2150E333-8FDC-42A3-9474-1A3956D46DE8}") = "Domain", "Domain", "{3909F8DF-E81D-4B96-BB63-54CACEA9A3D3}"
EndProject
Project("{FAE04EC0-301F-11D3-BF4B-00C04F79EFBC}") = "CM.Domain", "CS.Domain\CM.Domain.csproj", "{6976FFDD-E5F4-4F15-9066-07F035D2BC82}"
EndProject
Project("{2150E333-8FDC-42A3-9474-1A3956D46DE8}") = "Data", "Data", "{B1FD71B9-C2EB-4CC4-AC76-4C3F4F7986AE}"
EndProject
Project("{FAE04EC0-301F-11D3-BF4B-00C04F79EFBC}") = "CM.Data", "CM.Data\CM.Data.csproj", "{77EF9F75-38ED-4D62-AB91-5C1D29351F40}"
EndProject
Project("{2150E333-8FDC-42A3-9474-1A3956D46DE8}") = "Service", "Service", "{EB9A8716-61BC-4D0D-AB80-B38E37999CE5}"
EndProject
Project("{FAE04EC0-301F-11D3-BF4B-00C04F79EFBC}") = "CM.Service", "CM.Service\CM.Service.csproj", "{B72C8D54-3A2B-48C4-BF27-3C64438B8868}"
EndProject
Project("{2150E333-8FDC-42A3-9474-1A3956D46DE8}") = "0 - API", "0 - API", "{6F536558-3460-481C-AAC9-9B8874364290}"
EndProject
Project("{FAE04EC0-301F-11D3-BF4B-00C04F79EFBC}") = "CM.API", "CM.API\CM.API.csproj", "{DCCF160D-750E-4FD8-BB16-5BA32D457337}"
EndProject
Global
	GlobalSection(SolutionConfigurationPlatforms) = preSolution
		Debug|Any CPU = Debug|Any CPU
		Release|Any CPU = Release|Any CPU
	EndGlobalSection
	GlobalSection(ProjectConfigurationPlatforms) = postSolution
		{6976FFDD-E5F4-4F15-9066-07F035D2BC82}.Debug|Any CPU.ActiveCfg = Debug|Any CPU
		{6976FFDD-E5F4-4F15-9066-07F035D2BC82}.Debug|Any CPU.Build.0 = Debug|Any CPU
		{6976FFDD-E5F4-4F15-9066-07F035D2BC82}.Release|Any CPU.ActiveCfg = Release|Any CPU
		{6976FFDD-E5F4-4F15-9066-07F035D2BC82}.Release|Any CPU.Build.0 = Release|Any CPU
		{77EF9F75-38ED-4D62-AB91-5C1D29351F40}.Debug|Any CPU.ActiveCfg = Debug|Any CPU
		{77EF9F75-38ED-4D62-AB91-5C1D29351F40}.Debug|Any CPU.Build.0 = Debug|Any CPU
		{77EF9F75-38ED-4D62-AB91-5C1D29351F40}.Release|Any CPU.ActiveCfg = Release|Any CPU
		{77EF9F75-38ED-4D62-AB91-5C1D29351F40}.Release|Any CPU.Build.0 = Release|Any CPU
		{B72C8D54-3A2B-48C4-BF27-3C64438B8868}.Debug|Any CPU.ActiveCfg = Debug|Any CPU
		{B72C8D54-3A2B-48C4-BF27-3C64438B8868}.Debug|Any CPU.Build.0 = Debug|Any CPU
		{B72C8D54-3A2B-48C4-BF27-3C64438B8868}.Release|Any CPU.ActiveCfg = Release|Any CPU
		{B72C8D54-3A2B-48C4-BF27-3C64438B8868}.Release|Any CPU.Build.0 = Release|Any CPU
		{DCCF160D-750E-4FD8-BB16-5BA32D457337}.Debug|Any CPU.ActiveCfg = Debug|Any CPU
		{DCCF160D-750E-4FD8-BB16-5BA32D457337}.Debug|Any CPU.Build.0 = Debug|Any CPU
		{DCCF160D-750E-4FD8-BB16-5BA32D457337}.Release|Any CPU.ActiveCfg = Release|Any CPU
		{DCCF160D-750E-4FD8-BB16-5BA32D457337}.Release|Any CPU.Build.0 = Release|Any CPU
	EndGlobalSection
	GlobalSection(SolutionProperties) = preSolution
		HideSolutionNode = FALSE
	EndGlobalSection
	GlobalSection(NestedProjects) = preSolution
		{6976FFDD-E5F4-4F15-9066-07F035D2BC82} = {3909F8DF-E81D-4B96-BB63-54CACEA9A3D3}
		{77EF9F75-38ED-4D62-AB91-5C1D29351F40} = {B1FD71B9-C2EB-4CC4-AC76-4C3F4F7986AE}
		{B72C8D54-3A2B-48C4-BF27-3C64438B8868} = {EB9A8716-61BC-4D0D-AB80-B38E37999CE5}
		{DCCF160D-750E-4FD8-BB16-5BA32D457337} = {6F536558-3460-481C-AAC9-9B8874364290}
	EndGlobalSection
	GlobalSection(ExtensibilityGlobals) = postSolution
		SolutionGuid = {D18E827C-05B6-4709-AEF4-2C492188FD8B}
	EndGlobalSection
EndGlobal
